// !$*UTF8*$!
{
	archiveVersion = 1;
	classes = {
	};
	objectVersion = 50;
	objects = {

/* Begin PBXBuildFile section */
		8579BDEB23BE8EE600B9EDA0 /* AppDelegate.swift in Sources */ = {isa = PBXBuildFile; fileRef = 8579BDEA23BE8EE600B9EDA0 /* AppDelegate.swift */; };
		8579BDED23BE8EE600B9EDA0 /* SceneDelegate.swift in Sources */ = {isa = PBXBuildFile; fileRef = 8579BDEC23BE8EE600B9EDA0 /* SceneDelegate.swift */; };
		8579BDEF23BE8EE600B9EDA0 /* ViewController.swift in Sources */ = {isa = PBXBuildFile; fileRef = 8579BDEE23BE8EE600B9EDA0 /* ViewController.swift */; };
		8579BDF223BE8EE600B9EDA0 /* Main.storyboard in Resources */ = {isa = PBXBuildFile; fileRef = 8579BDF023BE8EE600B9EDA0 /* Main.storyboard */; };
		8579BDF423BE8EE600B9EDA0 /* Assets.xcassets in Resources */ = {isa = PBXBuildFile; fileRef = 8579BDF323BE8EE600B9EDA0 /* Assets.xcassets */; };
		8579BDF723BE8EE600B9EDA0 /* LaunchScreen.storyboard in Resources */ = {isa = PBXBuildFile; fileRef = 8579BDF523BE8EE600B9EDA0 /* LaunchScreen.storyboard */; };
		8579BE0223BE8EE700B9EDA0 /* TipperTests.swift in Sources */ = {isa = PBXBuildFile; fileRef = 8579BE0123BE8EE700B9EDA0 /* TipperTests.swift */; };
		8579BE0D23BE8EE700B9EDA0 /* TipperUITests.swift in Sources */ = {isa = PBXBuildFile; fileRef = 8579BE0C23BE8EE700B9EDA0 /* TipperUITests.swift */; };
/* End PBXBuildFile section */

/* Begin PBXContainerItemProxy section */
		8579BDFE23BE8EE700B9EDA0 /* PBXContainerItemProxy */ = {
			isa = PBXContainerItemProxy;
			containerPortal = 8579BDDF23BE8EE600B9EDA0 /* Project object */;
			proxyType = 1;
			remoteGlobalIDString = 8579BDE623BE8EE600B9EDA0;
			remoteInfo = Tipper;
		};
		8579BE0923BE8EE700B9EDA0 /* PBXContainerItemProxy */ = {
			isa = PBXContainerItemProxy;
			containerPortal = 8579BDDF23BE8EE600B9EDA0 /* Project object */;
			proxyType = 1;
			remoteGlobalIDString = 8579BDE623BE8EE600B9EDA0;
			remoteInfo = Tipper;
		};
/* End PBXContainerItemProxy section */

/* Begin PBXFileReference section */
		8579BDE723BE8EE600B9EDA0 /* Tipper.app */ = {isa = PBXFileReference; explicitFileType = wrapper.application; includeInIndex = 0; path = Tipper.app; sourceTree = BUILT_PRODUCTS_DIR; };
		8579BDEA23BE8EE600B9EDA0 /* AppDelegate.swift */ = {isa = PBXFileReference; lastKnownFileType = sourcecode.swift; path = AppDelegate.swift; sourceTree = "<group>"; };
		8579BDEC23BE8EE600B9EDA0 /* SceneDelegate.swift */ = {isa = PBXFileReference; lastKnownFileType = sourcecode.swift; path = SceneDelegate.swift; sourceTree = "<group>"; };
		8579BDEE23BE8EE600B9EDA0 /* ViewController.swift */ = {isa = PBXFileReference; lastKnownFileType = sourcecode.swift; path = ViewController.swift; sourceTree = "<group>"; };
		8579BDF123BE8EE600B9EDA0 /* Base */ = {isa = PBXFileReference; lastKnownFileType = file.storyboard; name = Base; path = Base.lproj/Main.storyboard; sourceTree = "<group>"; };
		8579BDF323BE8EE600B9EDA0 /* Assets.xcassets */ = {isa = PBXFileReference; lastKnownFileType = folder.assetcatalog; path = Assets.xcassets; sourceTree = "<group>"; };
		8579BDF623BE8EE600B9EDA0 /* Base */ = {isa = PBXFileReference; lastKnownFileType = file.storyboard; name = Base; path = Base.lproj/LaunchScreen.storyboard; sourceTree = "<group>"; };
		8579BDF823BE8EE600B9EDA0 /* Info.plist */ = {isa = PBXFileReference; lastKnownFileType = text.plist.xml; path = Info.plist; sourceTree = "<group>"; };
		8579BDFD23BE8EE700B9EDA0 /* TipperTests.xctest */ = {isa = PBXFileReference; explicitFileType = wrapper.cfbundle; includeInIndex = 0; path = TipperTests.xctest; sourceTree = BUILT_PRODUCTS_DIR; };
		8579BE0123BE8EE700B9EDA0 /* TipperTests.swift */ = {isa = PBXFileReference; lastKnownFileType = sourcecode.swift; path = TipperTests.swift; sourceTree = "<group>"; };
		8579BE0323BE8EE700B9EDA0 /* Info.plist */ = {isa = PBXFileReference; lastKnownFileType = text.plist.xml; path = Info.plist; sourceTree = "<group>"; };
		8579BE0823BE8EE700B9EDA0 /* TipperUITests.xctest */ = {isa = PBXFileReference; explicitFileType = wrapper.cfbundle; includeInIndex = 0; path = TipperUITests.xctest; sourceTree = BUILT_PRODUCTS_DIR; };
		8579BE0C23BE8EE700B9EDA0 /* TipperUITests.swift */ = {isa = PBXFileReference; lastKnownFileType = sourcecode.swift; path = TipperUITests.swift; sourceTree = "<group>"; };
		8579BE0E23BE8EE700B9EDA0 /* Info.plist */ = {isa = PBXFileReference; lastKnownFileType = text.plist.xml; path = Info.plist; sourceTree = "<group>"; };
/* End PBXFileReference section */

/* Begin PBXFrameworksBuildPhase section */
		8579BDE423BE8EE600B9EDA0 /* Frameworks */ = {
			isa = PBXFrameworksBuildPhase;
			buildActionMask = 2147483647;
			files = (
			);
			runOnlyForDeploymentPostprocessing = 0;
		};
		8579BDFA23BE8EE700B9EDA0 /* Frameworks */ = {
			isa = PBXFrameworksBuildPhase;
			buildActionMask = 2147483647;
			files = (
			);
			runOnlyForDeploymentPostprocessing = 0;
		};
		8579BE0523BE8EE700B9EDA0 /* Frameworks */ = {
			isa = PBXFrameworksBuildPhase;
			buildActionMask = 2147483647;
			files = (
			);
			runOnlyForDeploymentPostprocessing = 0;
		};
/* End PBXFrameworksBuildPhase section */

/* Begin PBXGroup section */
		8579BDDE23BE8EE600B9EDA0 = {
			isa = PBXGroup;
			children = (
				8579BDE923BE8EE600B9EDA0 /* Tipper */,
				8579BE0023BE8EE700B9EDA0 /* TipperTests */,
				8579BE0B23BE8EE700B9EDA0 /* TipperUITests */,
				8579BDE823BE8EE600B9EDA0 /* Products */,
			);
			sourceTree = "<group>";
		};
		8579BDE823BE8EE600B9EDA0 /* Products */ = {
			isa = PBXGroup;
			children = (
				8579BDE723BE8EE600B9EDA0 /* Tipper.app */,
				8579BDFD23BE8EE700B9EDA0 /* TipperTests.xctest */,
				8579BE0823BE8EE700B9EDA0 /* TipperUITests.xctest */,
			);
			name = Products;
			sourceTree = "<group>";
		};
		8579BDE923BE8EE600B9EDA0 /* Tipper */ = {
			isa = PBXGroup;
			children = (
				8579BDEA23BE8EE600B9EDA0 /* AppDelegate.swift */,
				8579BDEC23BE8EE600B9EDA0 /* SceneDelegate.swift */,
				8579BDEE23BE8EE600B9EDA0 /* ViewController.swift */,
				8579BDF023BE8EE600B9EDA0 /* Main.storyboard */,
				8579BDF323BE8EE600B9EDA0 /* Assets.xcassets */,
				8579BDF523BE8EE600B9EDA0 /* LaunchScreen.storyboard */,
				8579BDF823BE8EE600B9EDA0 /* Info.plist */,
			);
			path = Tipper;
			sourceTree = "<group>";
		};
		8579BE0023BE8EE700B9EDA0 /* TipperTests */ = {
			isa = PBXGroup;
			children = (
				8579BE0123BE8EE700B9EDA0 /* TipperTests.swift */,
				8579BE0323BE8EE700B9EDA0 /* Info.plist */,
			);
			path = TipperTests;
			sourceTree = "<group>";
		};
		8579BE0B23BE8EE700B9EDA0 /* TipperUITests */ = {
			isa = PBXGroup;
			children = (
				8579BE0C23BE8EE700B9EDA0 /* TipperUITests.swift */,
				8579BE0E23BE8EE700B9EDA0 /* Info.plist */,
			);
			path = TipperUITests;
			sourceTree = "<group>";
		};
/* End PBXGroup section */

/* Begin PBXNativeTarget section */
		8579BDE623BE8EE600B9EDA0 /* Tipper */ = {
			isa = PBXNativeTarget;
			buildConfigurationList = 8579BE1123BE8EE700B9EDA0 /* Build configuration list for PBXNativeTarget "Tipper" */;
			buildPhases = (
				8579BDE323BE8EE600B9EDA0 /* Sources */,
				8579BDE423BE8EE600B9EDA0 /* Frameworks */,
				8579BDE523BE8EE600B9EDA0 /* Resources */,
			);
			buildRules = (
			);
			dependencies = (
			);
			name = Tipper;
			productName = Tipper;
			productReference = 8579BDE723BE8EE600B9EDA0 /* Tipper.app */;
			productType = "com.apple.product-type.application";
		};
		8579BDFC23BE8EE700B9EDA0 /* TipperTests */ = {
			isa = PBXNativeTarget;
			buildConfigurationList = 8579BE1423BE8EE700B9EDA0 /* Build configuration list for PBXNativeTarget "TipperTests" */;
			buildPhases = (
				8579BDF923BE8EE700B9EDA0 /* Sources */,
				8579BDFA23BE8EE700B9EDA0 /* Frameworks */,
				8579BDFB23BE8EE700B9EDA0 /* Resources */,
			);
			buildRules = (
			);
			dependencies = (
				8579BDFF23BE8EE700B9EDA0 /* PBXTargetDependency */,
			);
			name = TipperTests;
			productName = TipperTests;
			productReference = 8579BDFD23BE8EE700B9EDA0 /* TipperTests.xctest */;
			productType = "com.apple.product-type.bundle.unit-test";
		};
		8579BE0723BE8EE700B9EDA0 /* TipperUITests */ = {
			isa = PBXNativeTarget;
			buildConfigurationList = 8579BE1723BE8EE700B9EDA0 /* Build configuration list for PBXNativeTarget "TipperUITests" */;
			buildPhases = (
				8579BE0423BE8EE700B9EDA0 /* Sources */,
				8579BE0523BE8EE700B9EDA0 /* Frameworks */,
				8579BE0623BE8EE700B9EDA0 /* Resources */,
			);
			buildRules = (
			);
			dependencies = (
				8579BE0A23BE8EE700B9EDA0 /* PBXTargetDependency */,
			);
			name = TipperUITests;
			productName = TipperUITests;
			productReference = 8579BE0823BE8EE700B9EDA0 /* TipperUITests.xctest */;
			productType = "com.apple.product-type.bundle.ui-testing";
		};
/* End PBXNativeTarget section */

/* Begin PBXProject section */
		8579BDDF23BE8EE600B9EDA0 /* Project object */ = {
			isa = PBXProject;
			attributes = {
				LastSwiftUpdateCheck = 1130;
				LastUpgradeCheck = 1130;
				ORGANIZATIONNAME = "Imran Saleh";
				TargetAttributes = {
					8579BDE623BE8EE600B9EDA0 = {
						CreatedOnToolsVersion = 11.3;
					};
					8579BDFC23BE8EE700B9EDA0 = {
						CreatedOnToolsVersion = 11.3;
						TestTargetID = 8579BDE623BE8EE600B9EDA0;
					};
					8579BE0723BE8EE700B9EDA0 = {
						CreatedOnToolsVersion = 11.3;
						TestTargetID = 8579BDE623BE8EE600B9EDA0;
					};
				};
			};
			buildConfigurationList = 8579BDE223BE8EE600B9EDA0 /* Build configuration list for PBXProject "Tipper" */;
			compatibilityVersion = "Xcode 9.3";
			developmentRegion = en;
			hasScannedForEncodings = 0;
			knownRegions = (
				en,
				Base,
			);
			mainGroup = 8579BDDE23BE8EE600B9EDA0;
			productRefGroup = 8579BDE823BE8EE600B9EDA0 /* Products */;
			projectDirPath = "";
			projectRoot = "";
			targets = (
				8579BDE623BE8EE600B9EDA0 /* Tipper */,
				8579BDFC23BE8EE700B9EDA0 /* TipperTests */,
				8579BE0723BE8EE700B9EDA0 /* TipperUITests */,
			);
		};
/* End PBXProject section */

/* Begin PBXResourcesBuildPhase section */
		8579BDE523BE8EE600B9EDA0 /* Resources */ = {
			isa = PBXResourcesBuildPhase;
			buildActionMask = 2147483647;
			files = (
				8579BDF723BE8EE600B9EDA0 /* LaunchScreen.storyboard in Resources */,
				8579BDF423BE8EE600B9EDA0 /* Assets.xcassets in Resources */,
				8579BDF223BE8EE600B9EDA0 /* Main.storyboard in Resources */,
			);
			runOnlyForDeploymentPostprocessing = 0;
		};
		8579BDFB23BE8EE700B9EDA0 /* Resources */ = {
			isa = PBXResourcesBuildPhase;
			buildActionMask = 2147483647;
			files = (
			);
			runOnlyForDeploymentPostprocessing = 0;
		};
		8579BE0623BE8EE700B9EDA0 /* Resources */ = {
			isa = PBXResourcesBuildPhase;
			buildActionMask = 2147483647;
			files = (
			);
			runOnlyForDeploymentPostprocessing = 0;
		};
/* End PBXResourcesBuildPhase section */

/* Begin PBXSourcesBuildPhase section */
		8579BDE323BE8EE600B9EDA0 /* Sources */ = {
			isa = PBXSourcesBuildPhase;
			buildActionMask = 2147483647;
			files = (
				8579BDEF23BE8EE600B9EDA0 /* ViewController.swift in Sources */,
				8579BDEB23BE8EE600B9EDA0 /* AppDelegate.swift in Sources */,
				8579BDED23BE8EE600B9EDA0 /* SceneDelegate.swift in Sources */,
			);
			runOnlyForDeploymentPostprocessing = 0;
		};
		8579BDF923BE8EE700B9EDA0 /* Sources */ = {
			isa = PBXSourcesBuildPhase;
			buildActionMask = 2147483647;
			files = (
				8579BE0223BE8EE700B9EDA0 /* TipperTests.swift in Sources */,
			);
			runOnlyForDeploymentPostprocessing = 0;
		};
		8579BE0423BE8EE700B9EDA0 /* Sources */ = {
			isa = PBXSourcesBuildPhase;
			buildActionMask = 2147483647;
			files = (
				8579BE0D23BE8EE700B9EDA0 /* TipperUITests.swift in Sources */,
			);
			runOnlyForDeploymentPostprocessing = 0;
		};
/* End PBXSourcesBuildPhase section */

/* Begin PBXTargetDependency section */
		8579BDFF23BE8EE700B9EDA0 /* PBXTargetDependency */ = {
			isa = PBXTargetDependency;
			target = 8579BDE623BE8EE600B9EDA0 /* Tipper */;
			targetProxy = 8579BDFE23BE8EE700B9EDA0 /* PBXContainerItemProxy */;
		};
		8579BE0A23BE8EE700B9EDA0 /* PBXTargetDependency */ = {
			isa = PBXTargetDependency;
			target = 8579BDE623BE8EE600B9EDA0 /* Tipper */;
			targetProxy = 8579BE0923BE8EE700B9EDA0 /* PBXContainerItemProxy */;
		};
/* End PBXTargetDependency section */

/* Begin PBXVariantGroup section */
		8579BDF023BE8EE600B9EDA0 /* Main.storyboard */ = {
			isa = PBXVariantGroup;
			children = (
				8579BDF123BE8EE600B9EDA0 /* Base */,
			);
			name = Main.storyboard;
			sourceTree = "<group>";
		};
		8579BDF523BE8EE600B9EDA0 /* LaunchScreen.storyboard */ = {
			isa = PBXVariantGroup;
			children = (
				8579BDF623BE8EE600B9EDA0 /* Base */,
			);
			name = LaunchScreen.storyboard;
			sourceTree = "<group>";
		};
/* End PBXVariantGroup section */

/* Begin XCBuildConfiguration section */
		8579BE0F23BE8EE700B9EDA0 /* Debug */ = {
			isa = XCBuildConfiguration;
			buildSettings = {
				ALWAYS_SEARCH_USER_PATHS = NO;
				CLANG_ANALYZER_NONNULL = YES;
				CLANG_ANALYZER_NUMBER_OBJECT_CONVERSION = YES_AGGRESSIVE;
				CLANG_CXX_LANGUAGE_STANDARD = "gnu++14";
				CLANG_CXX_LIBRARY = "libc++";
				CLANG_ENABLE_MODULES = YES;
				CLANG_ENABLE_OBJC_ARC = YES;
				CLANG_ENABLE_OBJC_WEAK = YES;
				CLANG_WARN_BLOCK_CAPTURE_AUTORELEASING = YES;
				CLANG_WARN_BOOL_CONVERSION = YES;
				CLANG_WARN_COMMA = YES;
				CLANG_WARN_CONSTANT_CONVERSION = YES;
				CLANG_WARN_DEPRECATED_OBJC_IMPLEMENTATIONS = YES;
				CLANG_WARN_DIRECT_OBJC_ISA_USAGE = YES_ERROR;
				CLANG_WARN_DOCUMENTATION_COMMENTS = YES;
				CLANG_WARN_EMPTY_BODY = YES;
				CLANG_WARN_ENUM_CONVERSION = YES;
				CLANG_WARN_INFINITE_RECURSION = YES;
				CLANG_WARN_INT_CONVERSION = YES;
				CLANG_WARN_NON_LITERAL_NULL_CONVERSION = YES;
				CLANG_WARN_OBJC_IMPLICIT_RETAIN_SELF = YES;
				CLANG_WARN_OBJC_LITERAL_CONVERSION = YES;
				CLANG_WARN_OBJC_ROOT_CLASS = YES_ERROR;
				CLANG_WARN_RANGE_LOOP_ANALYSIS = YES;
				CLANG_WARN_STRICT_PROTOTYPES = YES;
				CLANG_WARN_SUSPICIOUS_MOVE = YES;
				CLANG_WARN_UNGUARDED_AVAILABILITY = YES_AGGRESSIVE;
				CLANG_WARN_UNREACHABLE_CODE = YES;
				CLANG_WARN__DUPLICATE_METHOD_MATCH = YES;
				COPY_PHASE_STRIP = NO;
				DEBUG_INFORMATION_FORMAT = dwarf;
				ENABLE_STRICT_OBJC_MSGSEND = YES;
				ENABLE_TESTABILITY = YES;
				GCC_C_LANGUAGE_STANDARD = gnu11;
				GCC_DYNAMIC_NO_PIC = NO;
				GCC_NO_COMMON_BLOCKS = YES;
				GCC_OPTIMIZATION_LEVEL = 0;
				GCC_PREPROCESSOR_DEFINITIONS = (
					"DEBUG=1",
					"$(inherited)",
				);
				GCC_WARN_64_TO_32_BIT_CONVERSION = YES;
				GCC_WARN_ABOUT_RETURN_TYPE = YES_ERROR;
				GCC_WARN_UNDECLARED_SELECTOR = YES;
				GCC_WARN_UNINITIALIZED_AUTOS = YES_AGGRESSIVE;
				GCC_WARN_UNUSED_FUNCTION = YES;
				GCC_WARN_UNUSED_VARIABLE = YES;
				IPHONEOS_DEPLOYMENT_TARGET = 13.2;
				MTL_ENABLE_DEBUG_INFO = INCLUDE_SOURCE;
				MTL_FAST_MATH = YES;
				ONLY_ACTIVE_ARCH = YES;
				SDKROOT = iphoneos;
				SWIFT_ACTIVE_COMPILATION_CONDITIONS = DEBUG;
				SWIFT_OPTIMIZATION_LEVEL = "-Onone";
			};
			name = Debug;
		};
		8579BE1023BE8EE700B9EDA0 /* Release */ = {
			isa = XCBuildConfiguration;
			buildSettings = {
				ALWAYS_SEARCH_USER_PATHS = NO;
				CLANG_ANALYZER_NONNULL = YES;
				CLANG_ANALYZER_NUMBER_OBJECT_CONVERSION = YES_AGGRESSIVE;
				CLANG_CXX_LANGUAGE_STANDARD = "gnu++14";
				CLANG_CXX_LIBRARY = "libc++";
				CLANG_ENABLE_MODULES = YES;
				CLANG_ENABLE_OBJC_ARC = YES;
				CLANG_ENABLE_OBJC_WEAK = YES;
				CLANG_WARN_BLOCK_CAPTURE_AUTORELEASING = YES;
				CLANG_WARN_BOOL_CONVERSION = YES;
				CLANG_WARN_COMMA = YES;
				CLANG_WARN_CONSTANT_CONVERSION = YES;
				CLANG_WARN_DEPRECATED_OBJC_IMPLEMENTATIONS = YES;
				CLANG_WARN_DIRECT_OBJC_ISA_USAGE = YES_ERROR;
				CLANG_WARN_DOCUMENTATION_COMMENTS = YES;
				CLANG_WARN_EMPTY_BODY = YES;
				CLANG_WARN_ENUM_CONVERSION = YES;
				CLANG_WARN_INFINITE_RECURSION = YES;
				CLANG_WARN_INT_CONVERSION = YES;
				CLANG_WARN_NON_LITERAL_NULL_CONVERSION = YES;
				CLANG_WARN_OBJC_IMPLICIT_RETAIN_SELF = YES;
				CLANG_WARN_OBJC_LITERAL_CONVERSION = YES;
				CLANG_WARN_OBJC_ROOT_CLASS = YES_ERROR;
				CLANG_WARN_RANGE_LOOP_ANALYSIS = YES;
				CLANG_WARN_STRICT_PROTOTYPES = YES;
				CLANG_WARN_SUSPICIOUS_MOVE = YES;
				CLANG_WARN_UNGUARDED_AVAILABILITY = YES_AGGRESSIVE;
				CLANG_WARN_UNREACHABLE_CODE = YES;
				CLANG_WARN__DUPLICATE_METHOD_MATCH = YES;
				COPY_PHASE_STRIP = NO;
				DEBUG_INFORMATION_FORMAT = "dwarf-with-dsym";
				ENABLE_NS_ASSERTIONS = NO;
				ENABLE_STRICT_OBJC_MSGSEND = YES;
				GCC_C_LANGUAGE_STANDARD = gnu11;
				GCC_NO_COMMON_BLOCKS = YES;
				GCC_WARN_64_TO_32_BIT_CONVERSION = YES;
				GCC_WARN_ABOUT_RETURN_TYPE = YES_ERROR;
				GCC_WARN_UNDECLARED_SELECTOR = YES;
				GCC_WARN_UNINITIALIZED_AUTOS = YES_AGGRESSIVE;
				GCC_WARN_UNUSED_FUNCTION = YES;
				GCC_WARN_UNUSED_VARIABLE = YES;
				IPHONEOS_DEPLOYMENT_TARGET = 13.2;
				MTL_ENABLE_DEBUG_INFO = NO;
				MTL_FAST_MATH = YES;
				SDKROOT = iphoneos;
				SWIFT_COMPILATION_MODE = wholemodule;
				SWIFT_OPTIMIZATION_LEVEL = "-O";
				VALIDATE_PRODUCT = YES;
			};
			name = Release;
		};
		8579BE1223BE8EE700B9EDA0 /* Debug */ = {
			isa = XCBuildConfiguration;
			buildSettings = {
				ASSETCATALOG_COMPILER_APPICON_NAME = AppIcon;
				CODE_SIGN_STYLE = Automatic;
				INFOPLIST_FILE = Tipper/Info.plist;
				LD_RUNPATH_SEARCH_PATHS = (
					"$(inherited)",
					"@executable_path/Frameworks",
				);
				PRODUCT_BUNDLE_IDENTIFIER = com.imran.Tipper;
				PRODUCT_NAME = "$(TARGET_NAME)";
				SWIFT_VERSION = 5.0;
				TARGETED_DEVICE_FAMILY = "1,2";
			};
			name = Debug;
		};
		8579BE1323BE8EE700B9EDA0 /* Release */ = {
			isa = XCBuildConfiguration;
			buildSettings = {
				ASSETCATALOG_COMPILER_APPICON_NAME = AppIcon;
				CODE_SIGN_STYLE = Automatic;
				INFOPLIST_FILE = Tipper/Info.plist;
				LD_RUNPATH_SEARCH_PATHS = (
					"$(inherited)",
					"@executable_path/Frameworks",
				);
				PRODUCT_BUNDLE_IDENTIFIER = com.imran.Tipper;
				PRODUCT_NAME = "$(TARGET_NAME)";
				SWIFT_VERSION = 5.0;
				TARGETED_DEVICE_FAMILY = "1,2";
			};
			name = Release;
		};
		8579BE1523BE8EE700B9EDA0 /* Debug */ = {
			isa = XCBuildConfiguration;
			buildSettings = {
				ALWAYS_EMBED_SWIFT_STANDARD_LIBRARIES = YES;
				BUNDLE_LOADER = "$(TEST_HOST)";
				CODE_SIGN_STYLE = Automatic;
				INFOPLIST_FILE = TipperTests/Info.plist;
				IPHONEOS_DEPLOYMENT_TARGET = 13.2;
				LD_RUNPATH_SEARCH_PATHS = (
					"$(inherited)",
					"@executable_path/Frameworks",
					"@loader_path/Frameworks",
				);
				PRODUCT_BUNDLE_IDENTIFIER = com.imran.TipperTests;
				PRODUCT_NAME = "$(TARGET_NAME)";
				SWIFT_VERSION = 5.0;
				TARGETED_DEVICE_FAMILY = "1,2";
				TEST_HOST = "$(BUILT_PRODUCTS_DIR)/Tipper.app/Tipper";
			};
			name = Debug;
		};
		8579BE1623BE8EE700B9EDA0 /* Release */ = {
			isa = XCBuildConfiguration;
			buildSettings = {
				ALWAYS_EMBED_SWIFT_STANDARD_LIBRARIES = YES;
				BUNDLE_LOADER = "$(TEST_HOST)";
				CODE_SIGN_STYLE = Automatic;
				INFOPLIST_FILE = TipperTests/Info.plist;
				IPHONEOS_DEPLOYMENT_TARGET = 13.2;
				LD_RUNPATH_SEARCH_PATHS = (
					"$(inherited)",
					"@executable_path/Frameworks",
					"@loader_path/Frameworks",
				);
				PRODUCT_BUNDLE_IDENTIFIER = com.imran.TipperTests;
				PRODUCT_NAME = "$(TARGET_NAME)";
				SWIFT_VERSION = 5.0;
				TARGETED_DEVICE_FAMILY = "1,2";
				TEST_HOST = "$(BUILT_PRODUCTS_DIR)/Tipper.app/Tipper";
			};
			name = Release;
		};
		8579BE1823BE8EE700B9EDA0 /* Debug */ = {
			isa = XCBuildConfiguration;
			buildSettings = {
				ALWAYS_EMBED_SWIFT_STANDARD_LIBRARIES = YES;
				CODE_SIGN_STYLE = Automatic;
				INFOPLIST_FILE = TipperUITests/Info.plist;
				LD_RUNPATH_SEARCH_PATHS = (
					"$(inherited)",
					"@executable_path/Frameworks",
					"@loader_path/Frameworks",
				);
				PRODUCT_BUNDLE_IDENTIFIER = com.imran.TipperUITests;
				PRODUCT_NAME = "$(TARGET_NAME)";
				SWIFT_VERSION = 5.0;
				TARGETED_DEVICE_FAMILY = "1,2";
				TEST_TARGET_NAME = Tipper;
			};
			name = Debug;
		};
		8579BE1923BE8EE700B9EDA0 /* Release */ = {
			isa = XCBuildConfiguration;
			buildSettings = {
				ALWAYS_EMBED_SWIFT_STANDARD_LIBRARIES = YES;
				CODE_SIGN_STYLE = Automatic;
				INFOPLIST_FILE = TipperUITests/Info.plist;
				LD_RUNPATH_SEARCH_PATHS = (
					"$(inherited)",
					"@executable_path/Frameworks",
					"@loader_path/Frameworks",
				);
				PRODUCT_BUNDLE_IDENTIFIER = com.imran.TipperUITests;
				PRODUCT_NAME = "$(TARGET_NAME)";
				SWIFT_VERSION = 5.0;
				TARGETED_DEVICE_FAMILY = "1,2";
				TEST_TARGET_NAME = Tipper;
			};
			name = Release;
		};
/* End XCBuildConfiguration section */

/* Begin XCConfigurationList section */
		8579BDE223BE8EE600B9EDA0 /* Build configuration list for PBXProject "Tipper" */ = {
			isa = XCConfigurationList;
			buildConfigurations = (
				8579BE0F23BE8EE700B9EDA0 /* Debug */,
				8579BE1023BE8EE700B9EDA0 /* Release */,
			);
			defaultConfigurationIsVisible = 0;
			defaultConfigurationName = Release;
		};
		8579BE1123BE8EE700B9EDA0 /* Build configuration list for PBXNativeTarget "Tipper" */ = {
			isa = XCConfigurationList;
			buildConfigurations = (
				8579BE1223BE8EE700B9EDA0 /* Debug */,
				8579BE1323BE8EE700B9EDA0 /* Release */,
			);
			defaultConfigurationIsVisible = 0;
			defaultConfigurationName = Release;
		};
		8579BE1423BE8EE700B9EDA0 /* Build configuration list for PBXNativeTarget "TipperTests" */ = {
			isa = XCConfigurationList;
			buildConfigurations = (
				8579BE1523BE8EE700B9EDA0 /* Debug */,
				8579BE1623BE8EE700B9EDA0 /* Release */,
			);
			defaultConfigurationIsVisible = 0;
			defaultConfigurationName = Release;
		};
		8579BE1723BE8EE700B9EDA0 /* Build configuration list for PBXNativeTarget "TipperUITests" */ = {
			isa = XCConfigurationList;
			buildConfigurations = (
				8579BE1823BE8EE700B9EDA0 /* Debug */,
				8579BE1923BE8EE700B9EDA0 /* Release */,
			);
			defaultConfigurationIsVisible = 0;
			defaultConfigurationName = Release;
		};
/* End XCConfigurationList section */
	};
	rootObject = 8579BDDF23BE8EE600B9EDA0 /* Project object */;
}
